
Microsoft Visual Studio Solution File, Format Version 12.00
# Visual Studio Version 17
VisualStudioVersion = 17.5.33502.453
MinimumVisualStudioVersion = 10.0.40219.1
Project("{FAE04EC0-301F-11D3-BF4B-00C04F79EFBC}") = "IPC_MMF", "IPC_MMF\IPC_MMF.csproj", "{279431BA-7483-40FC-A37A-D92435EFD31B}"
EndProject
Project("{FAE04EC0-301F-11D3-BF4B-00C04F79EFBC}") = "IpcServer", "IpcServer\IpcServer.csproj", "{13DF372A-F063-4269-B6C6-3718A7668B78}"
EndProject
Project("{FAE04EC0-301F-11D3-BF4B-00C04F79EFBC}") = "IpcClient", "IpcClient\IpcClient.csproj", "{00361DBC-1809-436D-AA3F-CB12031EB193}"
EndProject
Global
	GlobalSection(SolutionConfigurationPlatforms) = preSolution
		Debug|Any CPU = Debug|Any CPU
		Release|Any CPU = Release|Any CPU
	EndGlobalSection
	GlobalSection(ProjectConfigurationPlatforms) = postSolution
		{279431BA-7483-40FC-A37A-D92435EFD31B}.Debug|Any CPU.ActiveCfg = Debug|Any CPU
		{279431BA-7483-40FC-A37A-D92435EFD31B}.Debug|Any CPU.Build.0 = Debug|Any CPU
		{279431BA-7483-40FC-A37A-D92435EFD31B}.Release|Any CPU.ActiveCfg = Release|Any CPU
		{279431BA-7483-40FC-A37A-D92435EFD31B}.Release|Any CPU.Build.0 = Release|Any CPU
		{13DF372A-F063-4269-B6C6-3718A7668B78}.Debug|Any CPU.ActiveCfg = Debug|Any CPU
		{13DF372A-F063-4269-B6C6-3718A7668B78}.Debug|Any CPU.Build.0 = Debug|Any CPU
		{13DF372A-F063-4269-B6C6-3718A7668B78}.Release|Any CPU.ActiveCfg = Release|Any CPU
		{13DF372A-F063-4269-B6C6-3718A7668B78}.Release|Any CPU.Build.0 = Release|Any CPU
		{00361DBC-1809-436D-AA3F-CB12031EB193}.Debug|Any CPU.ActiveCfg = Debug|Any CPU
		{00361DBC-1809-436D-AA3F-CB12031EB193}.Debug|Any CPU.Build.0 = Debug|Any CPU
		{00361DBC-1809-436D-AA3F-CB12031EB193}.Release|Any CPU.ActiveCfg = Release|Any CPU
		{00361DBC-1809-436D-AA3F-CB12031EB193}.Release|Any CPU.Build.0 = Release|Any CPU
	EndGlobalSection
	GlobalSection(SolutionProperties) = preSolution
		HideSolutionNode = FALSE
	EndGlobalSection
	GlobalSection(ExtensibilityGlobals) = postSolution
		SolutionGuid = {7286B86A-8B5D-4A64-A9B3-7CB59145F5CE}
	EndGlobalSection
EndGlobal
